<Solution>
  <Folder Name="/src/">
    <Project Path="src/Campus.Contracts/Campus.Contracts.csproj" />
    <Project Path="src/Campus.Testing/Campus.Testing.csproj" />
    <Project Path="src/Step01_HostStartup/Step01_HostStartup.csproj" />
    <Project Path="src/Step02_DIConfigOptions/Step02_DIConfigOptions.csproj" />
    <Project Path="src/Step03_MiddlewarePipeline/Step03_MiddlewarePipeline.csproj" />
    <Project Path="src/Step04_RoutingEndpoints/Step04_RoutingEndpoints.csproj" />
    <Project Path="src/Step05_MinimalApiVsController/Step05_MinimalApiVsController.csproj" />
    <Project Path="src/Step06_BindingValidationProblemDetails/Step06_BindingValidationProblemDetails.csproj" />
    <Project Path="src/Step07_AuthnAuthzEntry/Step07_AuthnAuthzEntry.csproj" />
    <Project Path="src/Step08_LoggingErrorsHealth/Step08_LoggingErrorsHealth.csproj" />
    <Project Path="src/Step09_IntegrationTesting/Step09_IntegrationTesting.csproj" />
    <Project Path="src/Step10_HttpFoundation/Step10_HttpFoundation.csproj" />
    <Project Path="src/Part03_1_ApiDesign/Part03_1_ApiDesign.csproj" />
    <Project Path="src/Part03_2_BuildingBlocks/Part03_2_BuildingBlocks.csproj" />
    <Project Path="src/Part03_2_Catalog.Contracts/Part03_2_Catalog.Contracts.csproj" />
    <Project Path="src/Part03_2_Catalog/Part03_2_Catalog.csproj" />
    <Project Path="src/Part03_2_Enrollment.Contracts/Part03_2_Enrollment.Contracts.csproj" />
    <Project Path="src/Part03_2_Enrollment/Part03_2_Enrollment.csproj" />
    <Project Path="src/Part03_2_Notices.Contracts/Part03_2_Notices.Contracts.csproj" />
    <Project Path="src/Part03_2_Notices/Part03_2_Notices.csproj" />
    <Project Path="src/Part03_2_AppArchitecture/Part03_2_AppArchitecture.csproj" />
    <Project Path="src/Part03_3_Contracts/Part03_3_Contracts.csproj" />
    <Project Path="src/Part03_3_Domain/Part03_3_Domain.csproj" />
    <Project Path="src/Part03_3_Application/Part03_3_Application.csproj" />
    <Project Path="src/Part03_3_Infrastructure/Part03_3_Infrastructure.csproj" />
    <Project Path="src/Part03_3_ProjectStructure/Part03_3_ProjectStructure.csproj" />
    <Project Path="src/Part03_4_ArchTesting/Part03_4_ArchTesting.csproj" />
    <Project Path="src/Part04_1_EFCore/Part04_1_EFCore.csproj" />
    <Project Path="src/Part04_2_Caching/Part04_2_Caching.csproj" />
    <Project Path="src/Part04_3_MultiTenant/Part04_3_MultiTenant.csproj" />
    <Project Path="src/Part05_1_AuthnAuthz/Part05_1_AuthnAuthz.csproj" />
    <Project Path="src/Part05_2_SpaAuth/Part05_2_SpaAuth.csproj" />
    <Project Path="src/Part06_1_MessagingPatterns/Part06_1_MessagingPatterns.csproj" />
    <Project Path="src/Part06_2_MessagingTools/Part06_2_MessagingTools.csproj" />
    <Project Path="src/Part07_DistributedComm/Part07_DistributedComm.csproj" />
    <Project Path="src/Part08_1_OpenTelemetry/Part08_1_OpenTelemetry.csproj" />
    <Project Path="src/Part08_2_TroubleshootingProcess/Part08_2_TroubleshootingProcess.csproj" />
    <Project Path="src/Part09_Deployment/Part09_Deployment.csproj" />
    <Project Path="src/Part10_Aspire/Part10_Aspire.csproj" />
    <Project Path="src/Part11_1_PerformanceAdvanced/Part11_1_PerformanceAdvanced.csproj" />
    <Project Path="src/Part11_2_NativeAotTrim/Part11_2_NativeAotTrim.csproj" />
    <Project Path="src/Part11_3_FrameworkSource/Part11_3_FrameworkSource.csproj" />
    <Project Path="src/Part12_ElectiveBranches/Part12_ElectiveBranches.csproj" />
    <Project Path="src/Part13_Summary/Part13_Summary.csproj" />
  </Folder>
  <Folder Name="/tests/">
    <Project Path="tests/Step01_HostStartup.Tests/Step01_HostStartup.Tests.csproj" />
    <Project Path="tests/Step02_DIConfigOptions.Tests/Step02_DIConfigOptions.Tests.csproj" />
    <Project Path="tests/Step03_MiddlewarePipeline.Tests/Step03_MiddlewarePipeline.Tests.csproj" />
    <Project Path="tests/Step04_RoutingEndpoints.Tests/Step04_RoutingEndpoints.Tests.csproj" />
    <Project Path="tests/Step05_MinimalApiVsController.Tests/Step05_MinimalApiVsController.Tests.csproj" />
    <Project Path="tests/Step06_BindingValidationProblemDetails.Tests/Step06_BindingValidationProblemDetails.Tests.csproj" />
    <Project Path="tests/Step07_AuthnAuthzEntry.Tests/Step07_AuthnAuthzEntry.Tests.csproj" />
    <Project Path="tests/Step08_LoggingErrorsHealth.Tests/Step08_LoggingErrorsHealth.Tests.csproj" />
    <Project Path="tests/Step09_IntegrationTesting.Tests/Step09_IntegrationTesting.Tests.csproj" />
    <Project Path="tests/Step10_HttpFoundation.Tests/Step10_HttpFoundation.Tests.csproj" />
    <Project Path="tests/Part03_1_ApiDesign.Tests/Part03_1_ApiDesign.Tests.csproj" />
    <Project Path="tests/Part03_2_AppArchitecture.Tests/Part03_2_AppArchitecture.Tests.csproj" />
    <Project Path="tests/Part03_3_ProjectStructure.Tests/Part03_3_ProjectStructure.Tests.csproj" />
    <Project Path="tests/Part03_4_ArchTesting.Tests/Part03_4_ArchTesting.Tests.csproj" />
  </Folder>
</Solution>
